
Microsoft Visual Studio Solution File, Format Version 12.00
# Visual Studio 2012
Project("{FAE04EC0-301F-11D3-BF4B-00C04F79EFBC}") = "1.LeapYears", "1.LeapYears\1.LeapYears.csproj", "{323806D8-F04D-4CCC-BD44-BF2253092C2F}"
EndProject
Project("{FAE04EC0-301F-11D3-BF4B-00C04F79EFBC}") = "2.RandomGenerator", "2.RandomGenerator\2.RandomGenerator.csproj", "{715CC7BA-3604-4288-96B7-E1BE2C0D0A32}"
EndProject
Project("{FAE04EC0-301F-11D3-BF4B-00C04F79EFBC}") = "3.TodayDayOfWeek", "3.TodayDayOfWeek\3.TodayDayOfWeek.csproj", "{C32631AD-43B6-4E19-A282-35A6A3C04A2F}"
EndProject
Project("{FAE04EC0-301F-11D3-BF4B-00C04F79EFBC}") = "4.SurfaceOfTriangle", "4.SurfaceOfTriangle\4.SurfaceOfTriangle.csproj", "{6580E00B-B5F8-4F37-999A-6E4C7EBAACB2}"
EndProject
Project("{FAE04EC0-301F-11D3-BF4B-00C04F79EFBC}") = "5.NumberOfWorkdays", "5.NumberOfWorkdays\5.NumberOfWorkdays.csproj", "{D0AACA4B-951A-4DF7-A5E9-D1E2EF40EEEF}"
EndProject
Project("{FAE04EC0-301F-11D3-BF4B-00C04F79EFBC}") = "6.SumOfStrings", "6.SumOfStrings\6.SumOfStrings.csproj", "{47DDB8B5-5608-4481-9624-5E678BCE0674}"
EndProject
Global
	GlobalSection(SolutionConfigurationPlatforms) = preSolution
		Debug|Any CPU = Debug|Any CPU
		Release|Any CPU = Release|Any CPU
	EndGlobalSection
	GlobalSection(ProjectConfigurationPlatforms) = postSolution
		{323806D8-F04D-4CCC-BD44-BF2253092C2F}.Debug|Any CPU.ActiveCfg = Debug|Any CPU
		{323806D8-F04D-4CCC-BD44-BF2253092C2F}.Debug|Any CPU.Build.0 = Debug|Any CPU
		{323806D8-F04D-4CCC-BD44-BF2253092C2F}.Release|Any CPU.ActiveCfg = Release|Any CPU
		{323806D8-F04D-4CCC-BD44-BF2253092C2F}.Release|Any CPU.Build.0 = Release|Any CPU
		{715CC7BA-3604-4288-96B7-E1BE2C0D0A32}.Debug|Any CPU.ActiveCfg = Debug|Any CPU
		{715CC7BA-3604-4288-96B7-E1BE2C0D0A32}.Debug|Any CPU.Build.0 = Debug|Any CPU
		{715CC7BA-3604-4288-96B7-E1BE2C0D0A32}.Release|Any CPU.ActiveCfg = Release|Any CPU
		{715CC7BA-3604-4288-96B7-E1BE2C0D0A32}.Release|Any CPU.Build.0 = Release|Any CPU
		{C32631AD-43B6-4E19-A282-35A6A3C04A2F}.Debug|Any CPU.ActiveCfg = Debug|Any CPU
		{C32631AD-43B6-4E19-A282-35A6A3C04A2F}.Debug|Any CPU.Build.0 = Debug|Any CPU
		{C32631AD-43B6-4E19-A282-35A6A3C04A2F}.Release|Any CPU.ActiveCfg = Release|Any CPU
		{C32631AD-43B6-4E19-A282-35A6A3C04A2F}.Release|Any CPU.Build.0 = Release|Any CPU
		{6580E00B-B5F8-4F37-999A-6E4C7EBAACB2}.Debug|Any CPU.ActiveCfg = Debug|Any CPU
		{6580E00B-B5F8-4F37-999A-6E4C7EBAACB2}.Debug|Any CPU.Build.0 = Debug|Any CPU
		{6580E00B-B5F8-4F37-999A-6E4C7EBAACB2}.Release|Any CPU.ActiveCfg = Release|Any CPU
		{6580E00B-B5F8-4F37-999A-6E4C7EBAACB2}.Release|Any CPU.Build.0 = Release|Any CPU
		{D0AACA4B-951A-4DF7-A5E9-D1E2EF40EEEF}.Debug|Any CPU.ActiveCfg = Debug|Any CPU
		{D0AACA4B-951A-4DF7-A5E9-D1E2EF40EEEF}.Debug|Any CPU.Build.0 = Debug|Any CPU
		{D0AACA4B-951A-4DF7-A5E9-D1E2EF40EEEF}.Release|Any CPU.ActiveCfg = Release|Any CPU
		{D0AACA4B-951A-4DF7-A5E9-D1E2EF40EEEF}.Release|Any CPU.Build.0 = Release|Any CPU
		{47DDB8B5-5608-4481-9624-5E678BCE0674}.Debug|Any CPU.ActiveCfg = Debug|Any CPU
		{47DDB8B5-5608-4481-9624-5E678BCE0674}.Debug|Any CPU.Build.0 = Debug|Any CPU
		{47DDB8B5-5608-4481-9624-5E678BCE0674}.Release|Any CPU.ActiveCfg = Release|Any CPU
		{47DDB8B5-5608-4481-9624-5E678BCE0674}.Release|Any CPU.Build.0 = Release|Any CPU
	EndGlobalSection
	GlobalSection(SolutionProperties) = preSolution
		HideSolutionNode = FALSE
	EndGlobalSection
EndGlobal
