
Microsoft Visual Studio Solution File, Format Version 12.00
# Visual Studio 2012
Project("{FAE04EC0-301F-11D3-BF4B-00C04F79EFBC}") = "1.SquareRoot", "1.SquareRoot\1.SquareRoot.csproj", "{CA24C6A2-BD82-4F63-8CEB-934FC11B3832}"
EndProject
Project("{FAE04EC0-301F-11D3-BF4B-00C04F79EFBC}") = "2.ReadNumber", "4.ReadNumber\2.ReadNumber.csproj", "{A0C29413-1564-4B98-A46D-0CD5E052BC15}"
EndProject
Project("{FAE04EC0-301F-11D3-BF4B-00C04F79EFBC}") = "3.ReadFileToConsole", "3.ReadFileToConsole\3.ReadFileToConsole.csproj", "{67E15B62-78A2-412F-AA5A-AF4014CBE1BC}"
EndProject
Project("{FAE04EC0-301F-11D3-BF4B-00C04F79EFBC}") = "4.DownloadFile", "4.DownloadFile\4.DownloadFile.csproj", "{C850106E-BA2A-4649-9007-A7EBA26EEA54}"
EndProject
Global
	GlobalSection(SolutionConfigurationPlatforms) = preSolution
		Debug|Any CPU = Debug|Any CPU
		Release|Any CPU = Release|Any CPU
	EndGlobalSection
	GlobalSection(ProjectConfigurationPlatforms) = postSolution
		{CA24C6A2-BD82-4F63-8CEB-934FC11B3832}.Debug|Any CPU.ActiveCfg = Debug|Any CPU
		{CA24C6A2-BD82-4F63-8CEB-934FC11B3832}.Debug|Any CPU.Build.0 = Debug|Any CPU
		{CA24C6A2-BD82-4F63-8CEB-934FC11B3832}.Release|Any CPU.ActiveCfg = Release|Any CPU
		{CA24C6A2-BD82-4F63-8CEB-934FC11B3832}.Release|Any CPU.Build.0 = Release|Any CPU
		{A0C29413-1564-4B98-A46D-0CD5E052BC15}.Debug|Any CPU.ActiveCfg = Debug|Any CPU
		{A0C29413-1564-4B98-A46D-0CD5E052BC15}.Debug|Any CPU.Build.0 = Debug|Any CPU
		{A0C29413-1564-4B98-A46D-0CD5E052BC15}.Release|Any CPU.ActiveCfg = Release|Any CPU
		{A0C29413-1564-4B98-A46D-0CD5E052BC15}.Release|Any CPU.Build.0 = Release|Any CPU
		{67E15B62-78A2-412F-AA5A-AF4014CBE1BC}.Debug|Any CPU.ActiveCfg = Debug|Any CPU
		{67E15B62-78A2-412F-AA5A-AF4014CBE1BC}.Debug|Any CPU.Build.0 = Debug|Any CPU
		{67E15B62-78A2-412F-AA5A-AF4014CBE1BC}.Release|Any CPU.ActiveCfg = Release|Any CPU
		{67E15B62-78A2-412F-AA5A-AF4014CBE1BC}.Release|Any CPU.Build.0 = Release|Any CPU
		{C850106E-BA2A-4649-9007-A7EBA26EEA54}.Debug|Any CPU.ActiveCfg = Debug|Any CPU
		{C850106E-BA2A-4649-9007-A7EBA26EEA54}.Debug|Any CPU.Build.0 = Debug|Any CPU
		{C850106E-BA2A-4649-9007-A7EBA26EEA54}.Release|Any CPU.ActiveCfg = Release|Any CPU
		{C850106E-BA2A-4649-9007-A7EBA26EEA54}.Release|Any CPU.Build.0 = Release|Any CPU
	EndGlobalSection
	GlobalSection(SolutionProperties) = preSolution
		HideSolutionNode = FALSE
	EndGlobalSection
EndGlobal
